
Microsoft Visual Studio Solution File, Format Version 12.00
# Visual Studio Version 16
VisualStudioVersion = 16.0.30225.117
MinimumVisualStudioVersion = 10.0.40219.1
Project("{FAE04EC0-301F-11D3-BF4B-00C04F79EFBC}") = "sunsethills", "sunsethills\sunsethills.csproj", "{C2C9A3CB-36B7-4FF3-A1E3-5560E6839D72}"
EndProject
Global
	GlobalSection(SolutionConfigurationPlatforms) = preSolution
		Debug|Any CPU = Debug|Any CPU
		Release|Any CPU = Release|Any CPU
	EndGlobalSection
	GlobalSection(ProjectConfigurationPlatforms) = postSolution
		{C2C9A3CB-36B7-4FF3-A1E3-5560E6839D72}.Debug|Any CPU.ActiveCfg = Debug|Any CPU
		{C2C9A3CB-36B7-4FF3-A1E3-5560E6839D72}.Debug|Any CPU.Build.0 = Debug|Any CPU
		{C2C9A3CB-36B7-4FF3-A1E3-5560E6839D72}.Release|Any CPU.ActiveCfg = Release|Any CPU
		{C2C9A3CB-36B7-4FF3-A1E3-5560E6839D72}.Release|Any CPU.Build.0 = Release|Any CPU
	EndGlobalSection
	GlobalSection(SolutionProperties) = preSolution
		HideSolutionNode = FALSE
	EndGlobalSection
	GlobalSection(ExtensibilityGlobals) = postSolution
		SolutionGuid = {F60E030C-2149-4465-BF20-F7A3AA05A41A}
	EndGlobalSection
EndGlobal
